<?xml version="1.0" encoding="UTF-8" standalone="yes" ?>
<CodeBlocks_project_file>
	<FileVersion major="1" minor="6" />
	<Project>
		<Option title="TestLabyrinth3dSf" />
		<Option pch_mode="2" />
		<Option compiler="gcc" />
		<Build>
			<Target title="Debug-Windows">
				<Option output="build/bin/Debug/TestLabyrinth3dSf" prefix_auto="1" extension_auto="1" />
				<Option object_output="build/obj/Debug/" />
				<Option type="1" />
				<Option compiler="gcc" />
				<Compiler>
					<Add option="-g" />
				</Compiler>
				<Linker>
					<Add library="libopengl32" />
					<Add library="libglew32" />
					<Add library="libglm" />
				</Linker>
			</Target>
			<Target title="Release-Windows">
				<Option output="build/bin/Release/TestLabyrinth3dSf" prefix_auto="1" extension_auto="1" />
				<Option object_output="build/obj/Release/" />
				<Option type="0" />
				<Option compiler="gcc" />
				<Compiler>
					<Add option="-O2" />
					<Add option="-DDEBUG=0" />
				</Compiler>
				<Linker>
					<Add option="-s" />
					<Add library="libopengl32" />
					<Add library="libglew32" />
					<Add library="libglm" />
				</Linker>
			</Target>
			<Target title="Debug-Linux">
				<Option output="build/bin/Debug/TestLabyrinth3dSf" prefix_auto="1" extension_auto="1" />
				<Option object_output="build/obj/Debug/" />
				<Option type="1" />
				<Option compiler="gcc" />
				<Compiler>
					<Add option="-g" />
				</Compiler>
				<Linker>
					<Add option="-s" />
					<Add library="libGLEW" />
					<Add library="libGL" />
				</Linker>
			</Target>
			<Target title="Release-Linux">
				<Option output="build/bin/Release/TestLabyrinth3dSf" prefix_auto="1" extension_auto="1" />
				<Option object_output="build/obj/Release/" />
				<Option type="0" />
				<Option compiler="gcc" />
				<Compiler>
					<Add option="-O2" />
					<Add option="-DDEBUG=0" />
				</Compiler>
				<Linker>
					<Add option="-s" />
					<Add library="libGLEW" />
					<Add library="libGL" />
				</Linker>
			</Target>
		</Build>
		<Compiler>
			<Add option="-Wall" />
			<Add option="-fexceptions" />
			<Add option="-std=c++20" />
			<Add option="-DGLM_ENABLE_EXPERIMENTAL" />
			<Add directory="include" />
		</Compiler>
		<Linker>
			<Add library="sfml-system" />
			<Add library="sfml-window" />
			<Add library="sfml-graphics" />
		</Linker>
		<Unit filename="include/Labyrinth2d/Algorithm/Algorithm.h" />
		<Unit filename="include/Labyrinth2d/Algorithm/CellFusion.h" />
		<Unit filename="include/Labyrinth2d/Algorithm/Fractal.h" />
		<Unit filename="include/Labyrinth2d/Algorithm/Kruskal.h" />
		<Unit filename="include/Labyrinth2d/Algorithm/Random.h" />
		<Unit filename="include/Labyrinth2d/Algorithm/RandomDegenerative.h" />
		<Unit filename="include/Labyrinth2d/Algorithm/Recursive.h" />
		<Unit filename="include/Labyrinth2d/Algorithm/RecursiveDivision.h" />
		<Unit filename="include/Labyrinth2d/Algorithm/TimeoutException.h" />
		<Unit filename="include/Labyrinth2d/Algorithm/WaySearch.h" />
		<Unit filename="include/Labyrinth2d/Grid.h" />
		<Unit filename="include/Labyrinth2d/Labyrinth.h" />
		<Unit filename="include/Labyrinth2d/Player.h" />
		<Unit filename="include/Labyrinth2d/utility.h" />
		<Unit filename="include/Labyrinth3d/Algorithm/Algorithm.h" />
		<Unit filename="include/Labyrinth3d/Algorithm/CellFusion.h" />
		<Unit filename="include/Labyrinth3d/Algorithm/Fractal.h" />
		<Unit filename="include/Labyrinth3d/Algorithm/Kruskal.h" />
		<Unit filename="include/Labyrinth3d/Algorithm/Random.h" />
		<Unit filename="include/Labyrinth3d/Algorithm/RandomDegenerative.h" />
		<Unit filename="include/Labyrinth3d/Algorithm/RandomSlicer.h" />
		<Unit filename="include/Labyrinth3d/Algorithm/Recursive.h" />
		<Unit filename="include/Labyrinth3d/Algorithm/RecursiveDivision.h" />
		<Unit filename="include/Labyrinth3d/Algorithm/TimeoutException.h" />
		<Unit filename="include/Labyrinth3d/Algorithm/WaySearch.h" />
		<Unit filename="include/Labyrinth3d/Grid.h" />
		<Unit filename="include/Labyrinth3d/Labyrinth.h" />
		<Unit filename="include/Labyrinth3d/Mover/SfKeyPress.h" />
		<Unit filename="include/Labyrinth3d/Player.h" />
		<Unit filename="include/Labyrinth3d/Sfml/GlBlock.h" />
		<Unit filename="include/Labyrinth3d/Sfml/GlBuffer.h" />
		<Unit filename="include/Labyrinth3d/Sfml/GlFixedCamera.h" />
		<Unit filename="include/Labyrinth3d/Sfml/GlObject.h" />
		<Unit filename="include/Labyrinth3d/Sfml/GlVertexArray.h" />
		<Unit filename="include/Labyrinth3d/Sfml/Texture.h" />
		<Unit filename="include/Labyrinth3d/Sfml/Utility.h" />
		<Unit filename="include/Labyrinth3d/Sfml/Utility.tcc" />
		<Unit filename="include/Labyrinth3d/Sfml/openGl.h" />
		<Unit filename="include/Labyrinth3d/Solver/AStar.h" />
		<Unit filename="include/Labyrinth3d/Solver/Blind.h" />
		<Unit filename="include/Labyrinth3d/Solver/FailureException.h" />
		<Unit filename="include/Labyrinth3d/Solver/Solver.h" />
		<Unit filename="include/Labyrinth3d/Solver/TimeoutException.h" />
		<Unit filename="include/Labyrinth3d/utility.h" />
		<Unit filename="src/Labyrinth2d/Algorithm/CellFusion.cpp" />
		<Unit filename="src/Labyrinth2d/Algorithm/Kruskal.cpp" />
		<Unit filename="src/Labyrinth2d/Algorithm/RandomDegenerative.cpp" />
		<Unit filename="src/Labyrinth2d/Algorithm/TimeoutException.cpp" />
		<Unit filename="src/Labyrinth2d/Algorithm/WaySearch.cpp" />
		<Unit filename="src/Labyrinth2d/Grid.cpp" />
		<Unit filename="src/Labyrinth2d/Labyrinth.cpp" />
		<Unit filename="src/Labyrinth2d/Player.cpp" />
		<Unit filename="src/Labyrinth3d/Algorithm/CellFusion.cpp" />
		<Unit filename="src/Labyrinth3d/Algorithm/Kruskal.cpp" />
		<Unit filename="src/Labyrinth3d/Algorithm/RandomDegenerative.cpp" />
		<Unit filename="src/Labyrinth3d/Algorithm/TimeoutException.cpp" />
		<Unit filename="src/Labyrinth3d/Algorithm/WaySearch.cpp" />
		<Unit filename="src/Labyrinth3d/Grid.cpp" />
		<Unit filename="src/Labyrinth3d/Labyrinth.cpp" />
		<Unit filename="src/Labyrinth3d/Mover/SfKeyPress.cpp" />
		<Unit filename="src/Labyrinth3d/Player.cpp" />
		<Unit filename="src/Labyrinth3d/Sfml/GlBlock.cpp" />
		<Unit filename="src/Labyrinth3d/Sfml/GlBuffer.cpp" />
		<Unit filename="src/Labyrinth3d/Sfml/GlFixedCamera.cpp" />
		<Unit filename="src/Labyrinth3d/Sfml/GlObject.cpp" />
		<Unit filename="src/Labyrinth3d/Sfml/GlVertexArray.cpp" />
		<Unit filename="src/Labyrinth3d/Sfml/Texture.cpp" />
		<Unit filename="src/Labyrinth3d/Sfml/Utility.cpp" />
		<Unit filename="src/Labyrinth3d/Solver/FailureException.cpp" />
		<Unit filename="src/Labyrinth3d/Solver/TimeoutException.cpp" />
		<Unit filename="testMainLabyrinth3dSf.cpp" />
		<Extensions />
	</Project>
</CodeBlocks_project_file>
